// !$*UTF8*$!
{
	archiveVersion = 1;
	classes = {
	};
	objectVersion = 56;
	objects = {

/* Begin PBXBuildFile section */
		0DF9F0FD29042E21007DA5EB /* AppDelegate.swift in Sources */ = {isa = PBXBuildFile; fileRef = 0DF9F0FC29042E21007DA5EB /* AppDelegate.swift */; };
		0DF9F0FF29042E21007DA5EB /* SceneDelegate.swift in Sources */ = {isa = PBXBuildFile; fileRef = 0DF9F0FE29042E21007DA5EB /* SceneDelegate.swift */; };
		0DF9F10129042E21007DA5EB /* ViewController.swift in Sources */ = {isa = PBXBuildFile; fileRef = 0DF9F10029042E21007DA5EB /* ViewController.swift */; };
		0DF9F10429042E21007DA5EB /* Main.storyboard in Resources */ = {isa = PBXBuildFile; fileRef = 0DF9F10229042E21007DA5EB /* Main.storyboard */; };
		0DF9F10629042E22007DA5EB /* Assets.xcassets in Resources */ = {isa = PBXBuildFile; fileRef = 0DF9F10529042E22007DA5EB /* Assets.xcassets */; };
		0DF9F10929042E22007DA5EB /* LaunchScreen.storyboard in Resources */ = {isa = PBXBuildFile; fileRef = 0DF9F10729042E22007DA5EB /* LaunchScreen.storyboard */; };
		0DF9F11429042E23007DA5EB /* MyAppTests.swift in Sources */ = {isa = PBXBuildFile; fileRef = 0DF9F11329042E23007DA5EB /* MyAppTests.swift */; };
		0DF9F11E29042E23007DA5EB /* MyAppUITests.swift in Sources */ = {isa = PBXBuildFile; fileRef = 0DF9F11D29042E23007DA5EB /* MyAppUITests.swift */; };
		0DF9F12029042E23007DA5EB /* MyAppUITestsLaunchTests.swift in Sources */ = {isa = PBXBuildFile; fileRef = 0DF9F11F29042E23007DA5EB /* MyAppUITestsLaunchTests.swift */; };
		39EE2940913E28B8EB597133 /* Pods_MyAppTests.framework in Frameworks */ = {isa = PBXBuildFile; fileRef = 8E550AF25FC533359A612C1E /* Pods_MyAppTests.framework */; };
		5FF47A57B1A056EC43BF2755 /* Pods_MyApp_MyAppUITests.framework in Frameworks */ = {isa = PBXBuildFile; fileRef = C2734D9B7186FBDEEEDB3624 /* Pods_MyApp_MyAppUITests.framework */; };
		72E746FDEB90FDACBEF0DB91 /* Pods_MyApp.framework in Frameworks */ = {isa = PBXBuildFile; fileRef = 20711E5C9F9037C2391D6D85 /* Pods_MyApp.framework */; };
/* End PBXBuildFile section */

/* Begin PBXContainerItemProxy section */
		0DF9F11029042E23007DA5EB /* PBXContainerItemProxy */ = {
			isa = PBXContainerItemProxy;
			containerPortal = 0DF9F0F129042E21007DA5EB /* Project object */;
			proxyType = 1;
			remoteGlobalIDString = 0DF9F0F829042E21007DA5EB;
			remoteInfo = MyApp;
		};
		0DF9F11A29042E23007DA5EB /* PBXContainerItemProxy */ = {
			isa = PBXContainerItemProxy;
			containerPortal = 0DF9F0F129042E21007DA5EB /* Project object */;
			proxyType = 1;
			remoteGlobalIDString = 0DF9F0F829042E21007DA5EB;
			remoteInfo = MyApp;
		};
/* End PBXContainerItemProxy section */

/* Begin PBXFileReference section */
		0BF3BE73A852850DEEB038D8 /* Pods-MyApp.release.xcconfig */ = {isa = PBXFileReference; includeInIndex = 1; lastKnownFileType = text.xcconfig; name = "Pods-MyApp.release.xcconfig"; path = "Target Support Files/Pods-MyApp/Pods-MyApp.release.xcconfig"; sourceTree = "<group>"; };
		0DF9F0F929042E21007DA5EB /* MyApp.app */ = {isa = PBXFileReference; explicitFileType = wrapper.application; includeInIndex = 0; path = MyApp.app; sourceTree = BUILT_PRODUCTS_DIR; };
		0DF9F0FC29042E21007DA5EB /* AppDelegate.swift */ = {isa = PBXFileReference; lastKnownFileType = sourcecode.swift; path = AppDelegate.swift; sourceTree = "<group>"; };
		0DF9F0FE29042E21007DA5EB /* SceneDelegate.swift */ = {isa = PBXFileReference; lastKnownFileType = sourcecode.swift; path = SceneDelegate.swift; sourceTree = "<group>"; };
		0DF9F10029042E21007DA5EB /* ViewController.swift */ = {isa = PBXFileReference; lastKnownFileType = sourcecode.swift; path = ViewController.swift; sourceTree = "<group>"; };
		0DF9F10329042E21007DA5EB /* Base */ = {isa = PBXFileReference; lastKnownFileType = file.storyboard; name = Base; path = Base.lproj/Main.storyboard; sourceTree = "<group>"; };
		0DF9F10529042E22007DA5EB /* Assets.xcassets */ = {isa = PBXFileReference; lastKnownFileType = folder.assetcatalog; path = Assets.xcassets; sourceTree = "<group>"; };
		0DF9F10829042E22007DA5EB /* Base */ = {isa = PBXFileReference; lastKnownFileType = file.storyboard; name = Base; path = Base.lproj/LaunchScreen.storyboard; sourceTree = "<group>"; };
		0DF9F10A29042E22007DA5EB /* Info.plist */ = {isa = PBXFileReference; lastKnownFileType = text.plist.xml; path = Info.plist; sourceTree = "<group>"; };
		0DF9F10F29042E23007DA5EB /* MyAppTests.xctest */ = {isa = PBXFileReference; explicitFileType = wrapper.cfbundle; includeInIndex = 0; path = MyAppTests.xctest; sourceTree = BUILT_PRODUCTS_DIR; };
		0DF9F11329042E23007DA5EB /* MyAppTests.swift */ = {isa = PBXFileReference; lastKnownFileType = sourcecode.swift; path = MyAppTests.swift; sourceTree = "<group>"; };
		0DF9F11929042E23007DA5EB /* MyAppUITests.xctest */ = {isa = PBXFileReference; explicitFileType = wrapper.cfbundle; includeInIndex = 0; path = MyAppUITests.xctest; sourceTree = BUILT_PRODUCTS_DIR; };
		0DF9F11D29042E23007DA5EB /* MyAppUITests.swift */ = {isa = PBXFileReference; lastKnownFileType = sourcecode.swift; path = MyAppUITests.swift; sourceTree = "<group>"; };
		0DF9F11F29042E23007DA5EB /* MyAppUITestsLaunchTests.swift */ = {isa = PBXFileReference; lastKnownFileType = sourcecode.swift; path = MyAppUITestsLaunchTests.swift; sourceTree = "<group>"; };
		1D2D5A56001B63CC67AC8CC7 /* Pods-MyApp.debug.xcconfig */ = {isa = PBXFileReference; includeInIndex = 1; lastKnownFileType = text.xcconfig; name = "Pods-MyApp.debug.xcconfig"; path = "Target Support Files/Pods-MyApp/Pods-MyApp.debug.xcconfig"; sourceTree = "<group>"; };
		20711E5C9F9037C2391D6D85 /* Pods_MyApp.framework */ = {isa = PBXFileReference; explicitFileType = wrapper.framework; includeInIndex = 0; path = Pods_MyApp.framework; sourceTree = BUILT_PRODUCTS_DIR; };
		8E550AF25FC533359A612C1E /* Pods_MyAppTests.framework */ = {isa = PBXFileReference; explicitFileType = wrapper.framework; includeInIndex = 0; path = Pods_MyAppTests.framework; sourceTree = BUILT_PRODUCTS_DIR; };
		AB119487E86CD2B7D0C64995 /* Pods-MyApp-MyAppUITests.debug.xcconfig */ = {isa = PBXFileReference; includeInIndex = 1; lastKnownFileType = text.xcconfig; name = "Pods-MyApp-MyAppUITests.debug.xcconfig"; path = "Target Support Files/Pods-MyApp-MyAppUITests/Pods-MyApp-MyAppUITests.debug.xcconfig"; sourceTree = "<group>"; };
		C2734D9B7186FBDEEEDB3624 /* Pods_MyApp_MyAppUITests.framework */ = {isa = PBXFileReference; explicitFileType = wrapper.framework; includeInIndex = 0; path = Pods_MyApp_MyAppUITests.framework; sourceTree = BUILT_PRODUCTS_DIR; };
		D76D74C96BA8FC555354C3C8 /* Pods-MyAppTests.release.xcconfig */ = {isa = PBXFileReference; includeInIndex = 1; lastKnownFileType = text.xcconfig; name = "Pods-MyAppTests.release.xcconfig"; path = "Target Support Files/Pods-MyAppTests/Pods-MyAppTests.release.xcconfig"; sourceTree = "<group>"; };
		E23DB37AD564913707DB8B63 /* Pods-MyApp-MyAppUITests.release.xcconfig */ = {isa = PBXFileReference; includeInIndex = 1; lastKnownFileType = text.xcconfig; name = "Pods-MyApp-MyAppUITests.release.xcconfig"; path = "Target Support Files/Pods-MyApp-MyAppUITests/Pods-MyApp-MyAppUITests.release.xcconfig"; sourceTree = "<group>"; };
		EB2FC19B9AFFCF1CDD8AFDB9 /* Pods-MyAppTests.debug.xcconfig */ = {isa = PBXFileReference; includeInIndex = 1; lastKnownFileType = text.xcconfig; name = "Pods-MyAppTests.debug.xcconfig"; path = "Target Support Files/Pods-MyAppTests/Pods-MyAppTests.debug.xcconfig"; sourceTree = "<group>"; };
/* End PBXFileReference section */

/* Begin PBXFrameworksBuildPhase section */
		0DF9F0F629042E21007DA5EB /* Frameworks */ = {
			isa = PBXFrameworksBuildPhase;
			buildActionMask = 2147483647;
			files = (
				72E746FDEB90FDACBEF0DB91 /* Pods_MyApp.framework in Frameworks */,
			);
			runOnlyForDeploymentPostprocessing = 0;
		};
		0DF9F10C29042E23007DA5EB /* Frameworks */ = {
			isa = PBXFrameworksBuildPhase;
			buildActionMask = 2147483647;
			files = (
				39EE2940913E28B8EB597133 /* Pods_MyAppTests.framework in Frameworks */,
			);
			runOnlyForDeploymentPostprocessing = 0;
		};
		0DF9F11629042E23007DA5EB /* Frameworks */ = {
			isa = PBXFrameworksBuildPhase;
			buildActionMask = 2147483647;
			files = (
				5FF47A57B1A056EC43BF2755 /* Pods_MyApp_MyAppUITests.framework in Frameworks */,
			);
			runOnlyForDeploymentPostprocessing = 0;
		};
/* End PBXFrameworksBuildPhase section */

/* Begin PBXGroup section */
		061BAC0D5BCF4C39D49A86AC /* Frameworks */ = {
			isa = PBXGroup;
			children = (
				20711E5C9F9037C2391D6D85 /* Pods_MyApp.framework */,
				C2734D9B7186FBDEEEDB3624 /* Pods_MyApp_MyAppUITests.framework */,
				8E550AF25FC533359A612C1E /* Pods_MyAppTests.framework */,
			);
			name = Frameworks;
			sourceTree = "<group>";
		};
		0DF9F0F029042E21007DA5EB = {
			isa = PBXGroup;
			children = (
				0DF9F0FB29042E21007DA5EB /* MyApp */,
				0DF9F11229042E23007DA5EB /* MyAppTests */,
				0DF9F11C29042E23007DA5EB /* MyAppUITests */,
				0DF9F0FA29042E21007DA5EB /* Products */,
				9C76BEFCFA160E7FF10EA98A /* Pods */,
				061BAC0D5BCF4C39D49A86AC /* Frameworks */,
			);
			sourceTree = "<group>";
		};
		0DF9F0FA29042E21007DA5EB /* Products */ = {
			isa = PBXGroup;
			children = (
				0DF9F0F929042E21007DA5EB /* MyApp.app */,
				0DF9F10F29042E23007DA5EB /* MyAppTests.xctest */,
				0DF9F11929042E23007DA5EB /* MyAppUITests.xctest */,
			);
			name = Products;
			sourceTree = "<group>";
		};
		0DF9F0FB29042E21007DA5EB /* MyApp */ = {
			isa = PBXGroup;
			children = (
				0DF9F0FC29042E21007DA5EB /* AppDelegate.swift */,
				0DF9F0FE29042E21007DA5EB /* SceneDelegate.swift */,
				0DF9F10029042E21007DA5EB /* ViewController.swift */,
				0DF9F10229042E21007DA5EB /* Main.storyboard */,
				0DF9F10529042E22007DA5EB /* Assets.xcassets */,
				0DF9F10729042E22007DA5EB /* LaunchScreen.storyboard */,
				0DF9F10A29042E22007DA5EB /* Info.plist */,
			);
			path = MyApp;
			sourceTree = "<group>";
		};
		0DF9F11229042E23007DA5EB /* MyAppTests */ = {
			isa = PBXGroup;
			children = (
				0DF9F11329042E23007DA5EB /* MyAppTests.swift */,
			);
			path = MyAppTests;
			sourceTree = "<group>";
		};
		0DF9F11C29042E23007DA5EB /* MyAppUITests */ = {
			isa = PBXGroup;
			children = (
				0DF9F11D29042E23007DA5EB /* MyAppUITests.swift */,
				0DF9F11F29042E23007DA5EB /* MyAppUITestsLaunchTests.swift */,
			);
			path = MyAppUITests;
			sourceTree = "<group>";
		};
		9C76BEFCFA160E7FF10EA98A /* Pods */ = {
			isa = PBXGroup;
			children = (
				1D2D5A56001B63CC67AC8CC7 /* Pods-MyApp.debug.xcconfig */,
				0BF3BE73A852850DEEB038D8 /* Pods-MyApp.release.xcconfig */,
				AB119487E86CD2B7D0C64995 /* Pods-MyApp-MyAppUITests.debug.xcconfig */,
				E23DB37AD564913707DB8B63 /* Pods-MyApp-MyAppUITests.release.xcconfig */,
				EB2FC19B9AFFCF1CDD8AFDB9 /* Pods-MyAppTests.debug.xcconfig */,
				D76D74C96BA8FC555354C3C8 /* Pods-MyAppTests.release.xcconfig */,
			);
			path = Pods;
			sourceTree = "<group>";
		};
/* End PBXGroup section */

/* Begin PBXNativeTarget section */
		0DF9F0F829042E21007DA5EB /* MyApp */ = {
			isa = PBXNativeTarget;
			buildConfigurationList = 0DF9F12329042E23007DA5EB /* Build configuration list for PBXNativeTarget "MyApp" */;
			buildPhases = (
				F1DCA519827B4FE4AC3D2CA8 /* [CP] Check Pods Manifest.lock */,
				0DF9F0F529042E21007DA5EB /* Sources */,
				0DF9F0F629042E21007DA5EB /* Frameworks */,
				0DF9F0F729042E21007DA5EB /* Resources */,
				0DB5155329043C640077C327 /* ShellScript */,
			);
			buildRules = (
			);
			dependencies = (
			);
			name = MyApp;
			productName = MyApp;
			productReference = 0DF9F0F929042E21007DA5EB /* MyApp.app */;
			productType = "com.apple.product-type.application";
		};
		0DF9F10E29042E23007DA5EB /* MyAppTests */ = {
			isa = PBXNativeTarget;
			buildConfigurationList = 0DF9F12629042E23007DA5EB /* Build configuration list for PBXNativeTarget "MyAppTests" */;
			buildPhases = (
				370A17C6BD6671399F947A98 /* [CP] Check Pods Manifest.lock */,
				0DF9F10B29042E23007DA5EB /* Sources */,
				0DF9F10C29042E23007DA5EB /* Frameworks */,
				0DF9F10D29042E23007DA5EB /* Resources */,
			);
			buildRules = (
			);
			dependencies = (
				0DF9F11129042E23007DA5EB /* PBXTargetDependency */,
			);
			name = MyAppTests;
			productName = MyAppTests;
			productReference = 0DF9F10F29042E23007DA5EB /* MyAppTests.xctest */;
			productType = "com.apple.product-type.bundle.unit-test";
		};
		0DF9F11829042E23007DA5EB /* MyAppUITests */ = {
			isa = PBXNativeTarget;
			buildConfigurationList = 0DF9F12929042E23007DA5EB /* Build configuration list for PBXNativeTarget "MyAppUITests" */;
			buildPhases = (
				33C76986E250A7E853E5C3AF /* [CP] Check Pods Manifest.lock */,
				0DF9F11529042E23007DA5EB /* Sources */,
				0DF9F11629042E23007DA5EB /* Frameworks */,
				0DF9F11729042E23007DA5EB /* Resources */,
			);
			buildRules = (
			);
			dependencies = (
				0DF9F11B29042E23007DA5EB /* PBXTargetDependency */,
			);
			name = MyAppUITests;
			productName = MyAppUITests;
			productReference = 0DF9F11929042E23007DA5EB /* MyAppUITests.xctest */;
			productType = "com.apple.product-type.bundle.ui-testing";
		};
/* End PBXNativeTarget section */

/* Begin PBXProject section */
		0DF9F0F129042E21007DA5EB /* Project object */ = {
			isa = PBXProject;
			attributes = {
				BuildIndependentTargetsInParallel = 1;
				LastSwiftUpdateCheck = 1400;
				LastUpgradeCheck = 1400;
				TargetAttributes = {
					0DF9F0F829042E21007DA5EB = {
						CreatedOnToolsVersion = 14.0.1;
					};
					0DF9F10E29042E23007DA5EB = {
						CreatedOnToolsVersion = 14.0.1;
						TestTargetID = 0DF9F0F829042E21007DA5EB;
					};
					0DF9F11829042E23007DA5EB = {
						CreatedOnToolsVersion = 14.0.1;
						TestTargetID = 0DF9F0F829042E21007DA5EB;
					};
				};
			};
			buildConfigurationList = 0DF9F0F429042E21007DA5EB /* Build configuration list for PBXProject "MyApp" */;
			compatibilityVersion = "Xcode 14.0";
			developmentRegion = en;
			hasScannedForEncodings = 0;
			knownRegions = (
				en,
				Base,
			);
			mainGroup = 0DF9F0F029042E21007DA5EB;
			productRefGroup = 0DF9F0FA29042E21007DA5EB /* Products */;
			projectDirPath = "";
			projectRoot = "";
			targets = (
				0DF9F0F829042E21007DA5EB /* MyApp */,
				0DF9F10E29042E23007DA5EB /* MyAppTests */,
				0DF9F11829042E23007DA5EB /* MyAppUITests */,
			);
		};
/* End PBXProject section */

/* Begin PBXResourcesBuildPhase section */
		0DF9F0F729042E21007DA5EB /* Resources */ = {
			isa = PBXResourcesBuildPhase;
			buildActionMask = 2147483647;
			files = (
				0DF9F10929042E22007DA5EB /* LaunchScreen.storyboard in Resources */,
				0DF9F10629042E22007DA5EB /* Assets.xcassets in Resources */,
				0DF9F10429042E21007DA5EB /* Main.storyboard in Resources */,
			);
			runOnlyForDeploymentPostprocessing = 0;
		};
		0DF9F10D29042E23007DA5EB /* Resources */ = {
			isa = PBXResourcesBuildPhase;
			buildActionMask = 2147483647;
			files = (
			);
			runOnlyForDeploymentPostprocessing = 0;
		};
		0DF9F11729042E23007DA5EB /* Resources */ = {
			isa = PBXResourcesBuildPhase;
			buildActionMask = 2147483647;
			files = (
			);
			runOnlyForDeploymentPostprocessing = 0;
		};
/* End PBXResourcesBuildPhase section */

/* Begin PBXShellScriptBuildPhase section */
		0DB5155329043C640077C327 /* ShellScript */ = {
			isa = PBXShellScriptBuildPhase;
			buildActionMask = 2147483647;
			files = (
			);
			inputFileListPaths = (
			);
			inputPaths = (
			);
			outputFileListPaths = (
			);
			outputPaths = (
			);
			runOnlyForDeploymentPostprocessing = 0;
			shellPath = /bin/sh;
			shellScript = "${PODS_ROOT}/SwiftLint/swiftlint\n";
		};
		33C76986E250A7E853E5C3AF /* [CP] Check Pods Manifest.lock */ = {
			isa = PBXShellScriptBuildPhase;
			buildActionMask = 2147483647;
			files = (
			);
			inputFileListPaths = (
			);
			inputPaths = (
				"${PODS_PODFILE_DIR_PATH}/Podfile.lock",
				"${PODS_ROOT}/Manifest.lock",
			);
			name = "[CP] Check Pods Manifest.lock";
			outputFileListPaths = (
			);
			outputPaths = (
				"$(DERIVED_FILE_DIR)/Pods-MyApp-MyAppUITests-checkManifestLockResult.txt",
			);
			runOnlyForDeploymentPostprocessing = 0;
			shellPath = /bin/sh;
			shellScript = "diff \"${PODS_PODFILE_DIR_PATH}/Podfile.lock\" \"${PODS_ROOT}/Manifest.lock\" > /dev/null\nif [ $? != 0 ] ; then\n    # print error to STDERR\n    echo \"error: The sandbox is not in sync with the Podfile.lock. Run 'pod install' or update your CocoaPods installation.\" >&2\n    exit 1\nfi\n# This output is used by Xcode 'outputs' to avoid re-running this script phase.\necho \"SUCCESS\" > \"${SCRIPT_OUTPUT_FILE_0}\"\n";
			showEnvVarsInLog = 0;
		};
		370A17C6BD6671399F947A98 /* [CP] Check Pods Manifest.lock */ = {
			isa = PBXShellScriptBuildPhase;
			buildActionMask = 2147483647;
			files = (
			);
			inputFileListPaths = (
			);
			inputPaths = (
				"${PODS_PODFILE_DIR_PATH}/Podfile.lock",
				"${PODS_ROOT}/Manifest.lock",
			);
			name = "[CP] Check Pods Manifest.lock";
			outputFileListPaths = (
			);
			outputPaths = (
				"$(DERIVED_FILE_DIR)/Pods-MyAppTests-checkManifestLockResult.txt",
			);
			runOnlyForDeploymentPostprocessing = 0;
			shellPath = /bin/sh;
			shellScript = "diff \"${PODS_PODFILE_DIR_PATH}/Podfile.lock\" \"${PODS_ROOT}/Manifest.lock\" > /dev/null\nif [ $? != 0 ] ; then\n    # print error to STDERR\n    echo \"error: The sandbox is not in sync with the Podfile.lock. Run 'pod install' or update your CocoaPods installation.\" >&2\n    exit 1\nfi\n# This output is used by Xcode 'outputs' to avoid re-running this script phase.\necho \"SUCCESS\" > \"${SCRIPT_OUTPUT_FILE_0}\"\n";
			showEnvVarsInLog = 0;
		};
		F1DCA519827B4FE4AC3D2CA8 /* [CP] Check Pods Manifest.lock */ = {
			isa = PBXShellScriptBuildPhase;
			buildActionMask = 2147483647;
			files = (
			);
			inputFileListPaths = (
			);
			inputPaths = (
				"${PODS_PODFILE_DIR_PATH}/Podfile.lock",
				"${PODS_ROOT}/Manifest.lock",
			);
			name = "[CP] Check Pods Manifest.lock";
			outputFileListPaths = (
			);
			outputPaths = (
				"$(DERIVED_FILE_DIR)/Pods-MyApp-checkManifestLockResult.txt",
			);
			runOnlyForDeploymentPostprocessing = 0;
			shellPath = /bin/sh;
			shellScript = "diff \"${PODS_PODFILE_DIR_PATH}/Podfile.lock\" \"${PODS_ROOT}/Manifest.lock\" > /dev/null\nif [ $? != 0 ] ; then\n    # print error to STDERR\n    echo \"error: The sandbox is not in sync with the Podfile.lock. Run 'pod install' or update your CocoaPods installation.\" >&2\n    exit 1\nfi\n# This output is used by Xcode 'outputs' to avoid re-running this script phase.\necho \"SUCCESS\" > \"${SCRIPT_OUTPUT_FILE_0}\"\n";
			showEnvVarsInLog = 0;
		};
/* End PBXShellScriptBuildPhase section */

/* Begin PBXSourcesBuildPhase section */
		0DF9F0F529042E21007DA5EB /* Sources */ = {
			isa = PBXSourcesBuildPhase;
			buildActionMask = 2147483647;
			files = (
				0DF9F10129042E21007DA5EB /* ViewController.swift in Sources */,
				0DF9F0FD29042E21007DA5EB /* AppDelegate.swift in Sources */,
				0DF9F0FF29042E21007DA5EB /* SceneDelegate.swift in Sources */,
			);
			runOnlyForDeploymentPostprocessing = 0;
		};
		0DF9F10B29042E23007DA5EB /* Sources */ = {
			isa = PBXSourcesBuildPhase;
			buildActionMask = 2147483647;
			files = (
				0DF9F11429042E23007DA5EB /* MyAppTests.swift in Sources */,
			);
			runOnlyForDeploymentPostprocessing = 0;
		};
		0DF9F11529042E23007DA5EB /* Sources */ = {
			isa = PBXSourcesBuildPhase;
			buildActionMask = 2147483647;
			files = (
				0DF9F12029042E23007DA5EB /* MyAppUITestsLaunchTests.swift in Sources */,
				0DF9F11E29042E23007DA5EB /* MyAppUITests.swift in Sources */,
			);
			runOnlyForDeploymentPostprocessing = 0;
		};
/* End PBXSourcesBuildPhase section */

/* Begin PBXTargetDependency section */
		0DF9F11129042E23007DA5EB /* PBXTargetDependency */ = {
			isa = PBXTargetDependency;
			target = 0DF9F0F829042E21007DA5EB /* MyApp */;
			targetProxy = 0DF9F11029042E23007DA5EB /* PBXContainerItemProxy */;
		};
		0DF9F11B29042E23007DA5EB /* PBXTargetDependency */ = {
			isa = PBXTargetDependency;
			target = 0DF9F0F829042E21007DA5EB /* MyApp */;
			targetProxy = 0DF9F11A29042E23007DA5EB /* PBXContainerItemProxy */;
		};
/* End PBXTargetDependency section */

/* Begin PBXVariantGroup section */
		0DF9F10229042E21007DA5EB /* Main.storyboard */ = {
			isa = PBXVariantGroup;
			children = (
				0DF9F10329042E21007DA5EB /* Base */,
			);
			name = Main.storyboard;
			sourceTree = "<group>";
		};
		0DF9F10729042E22007DA5EB /* LaunchScreen.storyboard */ = {
			isa = PBXVariantGroup;
			children = (
				0DF9F10829042E22007DA5EB /* Base */,
			);
			name = LaunchScreen.storyboard;
			sourceTree = "<group>";
		};
/* End PBXVariantGroup section */

/* Begin XCBuildConfiguration section */
		0DF9F12129042E23007DA5EB /* Debug */ = {
			isa = XCBuildConfiguration;
			buildSettings = {
				ALWAYS_SEARCH_USER_PATHS = NO;
				CLANG_ANALYZER_NONNULL = YES;
				CLANG_ANALYZER_NUMBER_OBJECT_CONVERSION = YES_AGGRESSIVE;
				CLANG_CXX_LANGUAGE_STANDARD = "gnu++20";
				CLANG_ENABLE_MODULES = YES;
				CLANG_ENABLE_OBJC_ARC = YES;
				CLANG_ENABLE_OBJC_WEAK = YES;
				CLANG_WARN_BLOCK_CAPTURE_AUTORELEASING = YES;
				CLANG_WARN_BOOL_CONVERSION = YES;
				CLANG_WARN_COMMA = YES;
				CLANG_WARN_CONSTANT_CONVERSION = YES;
				CLANG_WARN_DEPRECATED_OBJC_IMPLEMENTATIONS = YES;
				CLANG_WARN_DIRECT_OBJC_ISA_USAGE = YES_ERROR;
				CLANG_WARN_DOCUMENTATION_COMMENTS = YES;
				CLANG_WARN_EMPTY_BODY = YES;
				CLANG_WARN_ENUM_CONVERSION = YES;
				CLANG_WARN_INFINITE_RECURSION = YES;
				CLANG_WARN_INT_CONVERSION = YES;
				CLANG_WARN_NON_LITERAL_NULL_CONVERSION = YES;
				CLANG_WARN_OBJC_IMPLICIT_RETAIN_SELF = YES;
				CLANG_WARN_OBJC_LITERAL_CONVERSION = YES;
				CLANG_WARN_OBJC_ROOT_CLASS = YES_ERROR;
				CLANG_WARN_QUOTED_INCLUDE_IN_FRAMEWORK_HEADER = YES;
				CLANG_WARN_RANGE_LOOP_ANALYSIS = YES;
				CLANG_WARN_STRICT_PROTOTYPES = YES;
				CLANG_WARN_SUSPICIOUS_MOVE = YES;
				CLANG_WARN_UNGUARDED_AVAILABILITY = YES_AGGRESSIVE;
				CLANG_WARN_UNREACHABLE_CODE = YES;
				CLANG_WARN__DUPLICATE_METHOD_MATCH = YES;
				COPY_PHASE_STRIP = NO;
				DEBUG_INFORMATION_FORMAT = dwarf;
				ENABLE_STRICT_OBJC_MSGSEND = YES;
				ENABLE_TESTABILITY = YES;
				GCC_C_LANGUAGE_STANDARD = gnu11;
				GCC_DYNAMIC_NO_PIC = NO;
				GCC_NO_COMMON_BLOCKS = YES;
				GCC_OPTIMIZATION_LEVEL = 0;
				GCC_PREPROCESSOR_DEFINITIONS = (
					"DEBUG=1",
					"$(inherited)",
				);
				GCC_WARN_64_TO_32_BIT_CONVERSION = YES;
				GCC_WARN_ABOUT_RETURN_TYPE = YES_ERROR;
				GCC_WARN_UNDECLARED_SELECTOR = YES;
				GCC_WARN_UNINITIALIZED_AUTOS = YES_AGGRESSIVE;
				GCC_WARN_UNUSED_FUNCTION = YES;
				GCC_WARN_UNUSED_VARIABLE = YES;
				IPHONEOS_DEPLOYMENT_TARGET = 16.0;
				MTL_ENABLE_DEBUG_INFO = INCLUDE_SOURCE;
				MTL_FAST_MATH = YES;
				ONLY_ACTIVE_ARCH = YES;
				SDKROOT = iphoneos;
				SWIFT_ACTIVE_COMPILATION_CONDITIONS = DEBUG;
				SWIFT_OPTIMIZATION_LEVEL = "-Onone";
			};
			name = Debug;
		};
		0DF9F12229042E23007DA5EB /* Release */ = {
			isa = XCBuildConfiguration;
			buildSettings = {
				ALWAYS_SEARCH_USER_PATHS = NO;
				CLANG_ANALYZER_NONNULL = YES;
				CLANG_ANALYZER_NUMBER_OBJECT_CONVERSION = YES_AGGRESSIVE;
				CLANG_CXX_LANGUAGE_STANDARD = "gnu++20";
				CLANG_ENABLE_MODULES = YES;
				CLANG_ENABLE_OBJC_ARC = YES;
				CLANG_ENABLE_OBJC_WEAK = YES;
				CLANG_WARN_BLOCK_CAPTURE_AUTORELEASING = YES;
				CLANG_WARN_BOOL_CONVERSION = YES;
				CLANG_WARN_COMMA = YES;
				CLANG_WARN_CONSTANT_CONVERSION = YES;
				CLANG_WARN_DEPRECATED_OBJC_IMPLEMENTATIONS = YES;
				CLANG_WARN_DIRECT_OBJC_ISA_USAGE = YES_ERROR;
				CLANG_WARN_DOCUMENTATION_COMMENTS = YES;
				CLANG_WARN_EMPTY_BODY = YES;
				CLANG_WARN_ENUM_CONVERSION = YES;
				CLANG_WARN_INFINITE_RECURSION = YES;
				CLANG_WARN_INT_CONVERSION = YES;
				CLANG_WARN_NON_LITERAL_NULL_CONVERSION = YES;
				CLANG_WARN_OBJC_IMPLICIT_RETAIN_SELF = YES;
				CLANG_WARN_OBJC_LITERAL_CONVERSION = YES;
				CLANG_WARN_OBJC_ROOT_CLASS = YES_ERROR;
				CLANG_WARN_QUOTED_INCLUDE_IN_FRAMEWORK_HEADER = YES;
				CLANG_WARN_RANGE_LOOP_ANALYSIS = YES;
				CLANG_WARN_STRICT_PROTOTYPES = YES;
				CLANG_WARN_SUSPICIOUS_MOVE = YES;
				CLANG_WARN_UNGUARDED_AVAILABILITY = YES_AGGRESSIVE;
				CLANG_WARN_UNREACHABLE_CODE = YES;
				CLANG_WARN__DUPLICATE_METHOD_MATCH = YES;
				COPY_PHASE_STRIP = NO;
				DEBUG_INFORMATION_FORMAT = "dwarf-with-dsym";
				ENABLE_NS_ASSERTIONS = NO;
				ENABLE_STRICT_OBJC_MSGSEND = YES;
				GCC_C_LANGUAGE_STANDARD = gnu11;
				GCC_NO_COMMON_BLOCKS = YES;
				GCC_WARN_64_TO_32_BIT_CONVERSION = YES;
				GCC_WARN_ABOUT_RETURN_TYPE = YES_ERROR;
				GCC_WARN_UNDECLARED_SELECTOR = YES;
				GCC_WARN_UNINITIALIZED_AUTOS = YES_AGGRESSIVE;
				GCC_WARN_UNUSED_FUNCTION = YES;
				GCC_WARN_UNUSED_VARIABLE = YES;
				IPHONEOS_DEPLOYMENT_TARGET = 16.0;
				MTL_ENABLE_DEBUG_INFO = NO;
				MTL_FAST_MATH = YES;
				SDKROOT = iphoneos;
				SWIFT_COMPILATION_MODE = wholemodule;
				SWIFT_OPTIMIZATION_LEVEL = "-O";
				VALIDATE_PRODUCT = YES;
			};
			name = Release;
		};
		0DF9F12429042E23007DA5EB /* Debug */ = {
			isa = XCBuildConfiguration;
			baseConfigurationReference = 1D2D5A56001B63CC67AC8CC7 /* Pods-MyApp.debug.xcconfig */;
			buildSettings = {
				ASSETCATALOG_COMPILER_APPICON_NAME = AppIcon;
				ASSETCATALOG_COMPILER_GLOBAL_ACCENT_COLOR_NAME = AccentColor;
				CODE_SIGN_STYLE = Automatic;
				CURRENT_PROJECT_VERSION = 1;
				DEVELOPMENT_TEAM = 4G6ZD4247R;
				GENERATE_INFOPLIST_FILE = YES;
				INFOPLIST_FILE = MyApp/Info.plist;
				INFOPLIST_KEY_UIApplicationSupportsIndirectInputEvents = YES;
				INFOPLIST_KEY_UILaunchStoryboardName = LaunchScreen;
				INFOPLIST_KEY_UIMainStoryboardFile = Main;
				INFOPLIST_KEY_UISupportedInterfaceOrientations_iPad = "UIInterfaceOrientationPortrait UIInterfaceOrientationPortraitUpsideDown UIInterfaceOrientationLandscapeLeft UIInterfaceOrientationLandscapeRight";
				INFOPLIST_KEY_UISupportedInterfaceOrientations_iPhone = "UIInterfaceOrientationPortrait UIInterfaceOrientationLandscapeLeft UIInterfaceOrientationLandscapeRight";
				LD_RUNPATH_SEARCH_PATHS = (
					"$(inherited)",
					"@executable_path/Frameworks",
				);
				MARKETING_VERSION = 1.0;
				PRODUCT_BUNDLE_IDENTIFIER = com.trumanfromkorea.MyApp;
				PRODUCT_NAME = "$(TARGET_NAME)";
				SWIFT_EMIT_LOC_STRINGS = YES;
				SWIFT_VERSION = 5.0;
				TARGETED_DEVICE_FAMILY = "1,2";
			};
			name = Debug;
		};
		0DF9F12529042E23007DA5EB /* Release */ = {
			isa = XCBuildConfiguration;
			baseConfigurationReference = 0BF3BE73A852850DEEB038D8 /* Pods-MyApp.release.xcconfig */;
			buildSettings = {
				ASSETCATALOG_COMPILER_APPICON_NAME = AppIcon;
				ASSETCATALOG_COMPILER_GLOBAL_ACCENT_COLOR_NAME = AccentColor;
				CODE_SIGN_STYLE = Automatic;
				CURRENT_PROJECT_VERSION = 1;
				DEVELOPMENT_TEAM = 4G6ZD4247R;
				GENERATE_INFOPLIST_FILE = YES;
				INFOPLIST_FILE = MyApp/Info.plist;
				INFOPLIST_KEY_UIApplicationSupportsIndirectInputEvents = YES;
				INFOPLIST_KEY_UILaunchStoryboardName = LaunchScreen;
				INFOPLIST_KEY_UIMainStoryboardFile = Main;
				INFOPLIST_KEY_UISupportedInterfaceOrientations_iPad = "UIInterfaceOrientationPortrait UIInterfaceOrientationPortraitUpsideDown UIInterfaceOrientationLandscapeLeft UIInterfaceOrientationLandscapeRight";
				INFOPLIST_KEY_UISupportedInterfaceOrientations_iPhone = "UIInterfaceOrientationPortrait UIInterfaceOrientationLandscapeLeft UIInterfaceOrientationLandscapeRight";
				LD_RUNPATH_SEARCH_PATHS = (
					"$(inherited)",
					"@executable_path/Frameworks",
				);
				MARKETING_VERSION = 1.0;
				PRODUCT_BUNDLE_IDENTIFIER = com.trumanfromkorea.MyApp;
				PRODUCT_NAME = "$(TARGET_NAME)";
				SWIFT_EMIT_LOC_STRINGS = YES;
				SWIFT_VERSION = 5.0;
				TARGETED_DEVICE_FAMILY = "1,2";
			};
			name = Release;
		};
		0DF9F12729042E23007DA5EB /* Debug */ = {
			isa = XCBuildConfiguration;
			baseConfigurationReference = EB2FC19B9AFFCF1CDD8AFDB9 /* Pods-MyAppTests.debug.xcconfig */;
			buildSettings = {
				ALWAYS_EMBED_SWIFT_STANDARD_LIBRARIES = YES;
				BUNDLE_LOADER = "$(TEST_HOST)";
				CODE_SIGN_STYLE = Automatic;
				CURRENT_PROJECT_VERSION = 1;
				DEVELOPMENT_TEAM = 4G6ZD4247R;
				GENERATE_INFOPLIST_FILE = YES;
				IPHONEOS_DEPLOYMENT_TARGET = 16.0;
				MARKETING_VERSION = 1.0;
				PRODUCT_BUNDLE_IDENTIFIER = com.trumanfromkorea.MyAppTests;
				PRODUCT_NAME = "$(TARGET_NAME)";
				SWIFT_EMIT_LOC_STRINGS = NO;
				SWIFT_VERSION = 5.0;
				TARGETED_DEVICE_FAMILY = "1,2";
				TEST_HOST = "$(BUILT_PRODUCTS_DIR)/MyApp.app/$(BUNDLE_EXECUTABLE_FOLDER_PATH)/MyApp";
			};
			name = Debug;
		};
		0DF9F12829042E23007DA5EB /* Release */ = {
			isa = XCBuildConfiguration;
			baseConfigurationReference = D76D74C96BA8FC555354C3C8 /* Pods-MyAppTests.release.xcconfig */;
			buildSettings = {
				ALWAYS_EMBED_SWIFT_STANDARD_LIBRARIES = YES;
				BUNDLE_LOADER = "$(TEST_HOST)";
				CODE_SIGN_STYLE = Automatic;
				CURRENT_PROJECT_VERSION = 1;
				DEVELOPMENT_TEAM = 4G6ZD4247R;
				GENERATE_INFOPLIST_FILE = YES;
				IPHONEOS_DEPLOYMENT_TARGET = 16.0;
				MARKETING_VERSION = 1.0;
				PRODUCT_BUNDLE_IDENTIFIER = com.trumanfromkorea.MyAppTests;
				PRODUCT_NAME = "$(TARGET_NAME)";
				SWIFT_EMIT_LOC_STRINGS = NO;
				SWIFT_VERSION = 5.0;
				TARGETED_DEVICE_FAMILY = "1,2";
				TEST_HOST = "$(BUILT_PRODUCTS_DIR)/MyApp.app/$(BUNDLE_EXECUTABLE_FOLDER_PATH)/MyApp";
			};
			name = Release;
		};
		0DF9F12A29042E23007DA5EB /* Debug */ = {
			isa = XCBuildConfiguration;
			baseConfigurationReference = AB119487E86CD2B7D0C64995 /* Pods-MyApp-MyAppUITests.debug.xcconfig */;
			buildSettings = {
				ALWAYS_EMBED_SWIFT_STANDARD_LIBRARIES = YES;
				CODE_SIGN_STYLE = Automatic;
				CURRENT_PROJECT_VERSION = 1;
				DEVELOPMENT_TEAM = 4G6ZD4247R;
				GENERATE_INFOPLIST_FILE = YES;
				MARKETING_VERSION = 1.0;
				PRODUCT_BUNDLE_IDENTIFIER = com.trumanfromkorea.MyAppUITests;
				PRODUCT_NAME = "$(TARGET_NAME)";
				SWIFT_EMIT_LOC_STRINGS = NO;
				SWIFT_VERSION = 5.0;
				TARGETED_DEVICE_FAMILY = "1,2";
				TEST_TARGET_NAME = MyApp;
			};
			name = Debug;
		};
		0DF9F12B29042E23007DA5EB /* Release */ = {
			isa = XCBuildConfiguration;
			baseConfigurationReference = E23DB37AD564913707DB8B63 /* Pods-MyApp-MyAppUITests.release.xcconfig */;
			buildSettings = {
				ALWAYS_EMBED_SWIFT_STANDARD_LIBRARIES = YES;
				CODE_SIGN_STYLE = Automatic;
				CURRENT_PROJECT_VERSION = 1;
				DEVELOPMENT_TEAM = 4G6ZD4247R;
				GENERATE_INFOPLIST_FILE = YES;
				MARKETING_VERSION = 1.0;
				PRODUCT_BUNDLE_IDENTIFIER = com.trumanfromkorea.MyAppUITests;
				PRODUCT_NAME = "$(TARGET_NAME)";
				SWIFT_EMIT_LOC_STRINGS = NO;
				SWIFT_VERSION = 5.0;
				TARGETED_DEVICE_FAMILY = "1,2";
				TEST_TARGET_NAME = MyApp;
			};
			name = Release;
		};
/* End XCBuildConfiguration section */

/* Begin XCConfigurationList section */
		0DF9F0F429042E21007DA5EB /* Build configuration list for PBXProject "MyApp" */ = {
			isa = XCConfigurationList;
			buildConfigurations = (
				0DF9F12129042E23007DA5EB /* Debug */,
				0DF9F12229042E23007DA5EB /* Release */,
			);
			defaultConfigurationIsVisible = 0;
			defaultConfigurationName = Release;
		};
		0DF9F12329042E23007DA5EB /* Build configuration list for PBXNativeTarget "MyApp" */ = {
			isa = XCConfigurationList;
			buildConfigurations = (
				0DF9F12429042E23007DA5EB /* Debug */,
				0DF9F12529042E23007DA5EB /* Release */,
			);
			defaultConfigurationIsVisible = 0;
			defaultConfigurationName = Release;
		};
		0DF9F12629042E23007DA5EB /* Build configuration list for PBXNativeTarget "MyAppTests" */ = {
			isa = XCConfigurationList;
			buildConfigurations = (
				0DF9F12729042E23007DA5EB /* Debug */,
				0DF9F12829042E23007DA5EB /* Release */,
			);
			defaultConfigurationIsVisible = 0;
			defaultConfigurationName = Release;
		};
		0DF9F12929042E23007DA5EB /* Build configuration list for PBXNativeTarget "MyAppUITests" */ = {
			isa = XCConfigurationList;
			buildConfigurations = (
				0DF9F12A29042E23007DA5EB /* Debug */,
				0DF9F12B29042E23007DA5EB /* Release */,
			);
			defaultConfigurationIsVisible = 0;
			defaultConfigurationName = Release;
		};
/* End XCConfigurationList section */
	};
	rootObject = 0DF9F0F129042E21007DA5EB /* Project object */;
}
